
Microsoft Visual Studio Solution File, Format Version 12.00
# Visual Studio Version 17
VisualStudioVersion = 17.9.34723.18
MinimumVisualStudioVersion = 10.0.40219.1
Project("{888888A0-9F3D-457C-B088-3A5042F75D52}") = "i dont know", "i dont know\i dont know.pyproj", "{7A5537C0-D917-44DE-A580-72F0E8C6608F}"
EndProject
Global
	GlobalSection(SolutionConfigurationPlatforms) = preSolution
		Debug|Any CPU = Debug|Any CPU
		Release|Any CPU = Release|Any CPU
	EndGlobalSection
	GlobalSection(ProjectConfigurationPlatforms) = postSolution
		{7A5537C0-D917-44DE-A580-72F0E8C6608F}.Debug|Any CPU.ActiveCfg = Debug|Any CPU
		{7A5537C0-D917-44DE-A580-72F0E8C6608F}.Release|Any CPU.ActiveCfg = Release|Any CPU
	EndGlobalSection
	GlobalSection(SolutionProperties) = preSolution
		HideSolutionNode = FALSE
	EndGlobalSection
	GlobalSection(ExtensibilityGlobals) = postSolution
		SolutionGuid = {15D0BBAB-A996-4E31-89F5-914C8CFBCAF0}
	EndGlobalSection
EndGlobal
